
Microsoft Visual Studio Solution File, Format Version 12.00
# Visual Studio 2013
<<<<<<< HEAD
VisualStudioVersion = 12.0.31101.0
MinimumVisualStudioVersion = 10.0.40219.1
Project("{FAE04EC0-301F-11D3-BF4B-00C04F79EFBC}") = "Users", "Users\Users.csproj", "{4ED25273-5B27-490A-9AB3-F9AF04B04F93}"
=======
VisualStudioVersion = 12.0.30723.0
MinimumVisualStudioVersion = 10.0.40219.1
Project("{FAE04EC0-301F-11D3-BF4B-00C04F79EFBC}") = "Fitness.Models", "Fitness.Models\Fitness.Models.csproj", "{FEB36650-4831-4B0B-9334-6855FAA488CF}"
EndProject
Project("{FAE04EC0-301F-11D3-BF4B-00C04F79EFBC}") = "Fitness.Console", "Fitness.Console\Fitness.Console.csproj", "{54FB0288-06AD-4C37-97EC-4978DDB47133}"
EndProject
Project("{FAE04EC0-301F-11D3-BF4B-00C04F79EFBC}") = "Fitness.WPF", "Fitness.WPF\Fitness.WPF.csproj", "{8BD022E6-77C2-48B5-B02D-E6DD9111A129}"
EndProject
Project("{FAE04EC0-301F-11D3-BF4B-00C04F79EFBC}") = "Fitness.Data", "Fitness.Data\Fitness.Data.csproj", "{BBD42422-E711-432E-A5FD-26F481999BD4}"
>>>>>>> origin/master
EndProject
Global
	GlobalSection(SolutionConfigurationPlatforms) = preSolution
		Debug|Any CPU = Debug|Any CPU
		Release|Any CPU = Release|Any CPU
	EndGlobalSection
	GlobalSection(ProjectConfigurationPlatforms) = postSolution
<<<<<<< HEAD
		{4ED25273-5B27-490A-9AB3-F9AF04B04F93}.Debug|Any CPU.ActiveCfg = Debug|Any CPU
		{4ED25273-5B27-490A-9AB3-F9AF04B04F93}.Debug|Any CPU.Build.0 = Debug|Any CPU
		{4ED25273-5B27-490A-9AB3-F9AF04B04F93}.Release|Any CPU.ActiveCfg = Release|Any CPU
		{4ED25273-5B27-490A-9AB3-F9AF04B04F93}.Release|Any CPU.Build.0 = Release|Any CPU
=======
		{FEB36650-4831-4B0B-9334-6855FAA488CF}.Debug|Any CPU.ActiveCfg = Debug|Any CPU
		{FEB36650-4831-4B0B-9334-6855FAA488CF}.Debug|Any CPU.Build.0 = Debug|Any CPU
		{FEB36650-4831-4B0B-9334-6855FAA488CF}.Release|Any CPU.ActiveCfg = Release|Any CPU
		{FEB36650-4831-4B0B-9334-6855FAA488CF}.Release|Any CPU.Build.0 = Release|Any CPU
		{54FB0288-06AD-4C37-97EC-4978DDB47133}.Debug|Any CPU.ActiveCfg = Debug|Any CPU
		{54FB0288-06AD-4C37-97EC-4978DDB47133}.Debug|Any CPU.Build.0 = Debug|Any CPU
		{54FB0288-06AD-4C37-97EC-4978DDB47133}.Release|Any CPU.ActiveCfg = Release|Any CPU
		{54FB0288-06AD-4C37-97EC-4978DDB47133}.Release|Any CPU.Build.0 = Release|Any CPU
		{8BD022E6-77C2-48B5-B02D-E6DD9111A129}.Debug|Any CPU.ActiveCfg = Debug|Any CPU
		{8BD022E6-77C2-48B5-B02D-E6DD9111A129}.Debug|Any CPU.Build.0 = Debug|Any CPU
		{8BD022E6-77C2-48B5-B02D-E6DD9111A129}.Release|Any CPU.ActiveCfg = Release|Any CPU
		{8BD022E6-77C2-48B5-B02D-E6DD9111A129}.Release|Any CPU.Build.0 = Release|Any CPU
		{BBD42422-E711-432E-A5FD-26F481999BD4}.Debug|Any CPU.ActiveCfg = Debug|Any CPU
		{BBD42422-E711-432E-A5FD-26F481999BD4}.Debug|Any CPU.Build.0 = Debug|Any CPU
		{BBD42422-E711-432E-A5FD-26F481999BD4}.Release|Any CPU.ActiveCfg = Release|Any CPU
		{BBD42422-E711-432E-A5FD-26F481999BD4}.Release|Any CPU.Build.0 = Release|Any CPU
>>>>>>> origin/master
	EndGlobalSection
	GlobalSection(SolutionProperties) = preSolution
		HideSolutionNode = FALSE
	EndGlobalSection
EndGlobal
